
Microsoft Visual Studio Solution File, Format Version 12.00
# Visual Studio Version 17
VisualStudioVersion = 17.5.002.0
MinimumVisualStudioVersion = 10.0.40219.1
Project("{2150E333-8FDC-42A3-9474-1A3956D46DE8}") = "semana1", "semana1", "{5B54BA0E-BF1E-4447-A476-9F911F777387}"
EndProject
Project("{9A19103F-16F7-4668-BE54-9A1E7A4F7556}") = "MeuPrimeiroProjeto", "semana1\MeuPrimeiroProjeto\MeuPrimeiroProjeto.csproj", "{2F00858E-29DE-4499-A8F1-19ADAD55B5A1}"
EndProject
Project("{9A19103F-16F7-4668-BE54-9A1E7A4F7556}") = "P001", "semana1\P001\P001.csproj", "{8810A9B4-6E11-4BD9-B451-60CFD4002A53}"
EndProject
Project("{2150E333-8FDC-42A3-9474-1A3956D46DE8}") = "semana2", "semana2", "{6978BEAC-8FB9-49D4-849B-8B2A43153B10}"
EndProject
Project("{9A19103F-16F7-4668-BE54-9A1E7A4F7556}") = "data", "semana2\data\data.csproj", "{FCC2D47B-947F-4EC7-AB87-C25A77DE6876}"
EndProject
Project("{9A19103F-16F7-4668-BE54-9A1E7A4F7556}") = "exercicios", "semana2\exercicios\exercicios.csproj", "{80E05C57-88DB-47CB-87FC-21C9FFF41185}"
EndProject
Project("{9A19103F-16F7-4668-BE54-9A1E7A4F7556}") = "P002", "semana2\P002\P002.csproj", "{8829E7EF-357F-40E4-8D57-F4C2D4AE061E}"
EndProject
Project("{2150E333-8FDC-42A3-9474-1A3956D46DE8}") = "semana3", "semana3", "{EB938DB1-0663-4C00-B4F3-F095E1150A49}"
EndProject
Project("{9A19103F-16F7-4668-BE54-9A1E7A4F7556}") = "exercicios", "semana3\exercicios\exercicios.csproj", "{75294FCC-2523-419E-9608-F1010DDDAC31}"
EndProject
Project("{9A19103F-16F7-4668-BE54-9A1E7A4F7556}") = "P003", "semana3\P003\P003.csproj", "{BC293340-2576-41B6-8080-9F239AAD96DA}"
EndProject
Project("{9A19103F-16F7-4668-BE54-9A1E7A4F7556}") = "recursos", "semana3\recursos\recursos.csproj", "{B79249BC-1186-4D66-8149-3A58B266015E}"
EndProject
Global
	GlobalSection(SolutionConfigurationPlatforms) = preSolution
		Debug|Any CPU = Debug|Any CPU
		Release|Any CPU = Release|Any CPU
	EndGlobalSection
	GlobalSection(ProjectConfigurationPlatforms) = postSolution
		{2F00858E-29DE-4499-A8F1-19ADAD55B5A1}.Debug|Any CPU.ActiveCfg = Debug|Any CPU
		{2F00858E-29DE-4499-A8F1-19ADAD55B5A1}.Debug|Any CPU.Build.0 = Debug|Any CPU
		{2F00858E-29DE-4499-A8F1-19ADAD55B5A1}.Release|Any CPU.ActiveCfg = Release|Any CPU
		{2F00858E-29DE-4499-A8F1-19ADAD55B5A1}.Release|Any CPU.Build.0 = Release|Any CPU
		{8810A9B4-6E11-4BD9-B451-60CFD4002A53}.Debug|Any CPU.ActiveCfg = Debug|Any CPU
		{8810A9B4-6E11-4BD9-B451-60CFD4002A53}.Debug|Any CPU.Build.0 = Debug|Any CPU
		{8810A9B4-6E11-4BD9-B451-60CFD4002A53}.Release|Any CPU.ActiveCfg = Release|Any CPU
		{8810A9B4-6E11-4BD9-B451-60CFD4002A53}.Release|Any CPU.Build.0 = Release|Any CPU
		{FCC2D47B-947F-4EC7-AB87-C25A77DE6876}.Debug|Any CPU.ActiveCfg = Debug|Any CPU
		{FCC2D47B-947F-4EC7-AB87-C25A77DE6876}.Debug|Any CPU.Build.0 = Debug|Any CPU
		{FCC2D47B-947F-4EC7-AB87-C25A77DE6876}.Release|Any CPU.ActiveCfg = Release|Any CPU
		{FCC2D47B-947F-4EC7-AB87-C25A77DE6876}.Release|Any CPU.Build.0 = Release|Any CPU
		{80E05C57-88DB-47CB-87FC-21C9FFF41185}.Debug|Any CPU.ActiveCfg = Debug|Any CPU
		{80E05C57-88DB-47CB-87FC-21C9FFF41185}.Debug|Any CPU.Build.0 = Debug|Any CPU
		{80E05C57-88DB-47CB-87FC-21C9FFF41185}.Release|Any CPU.ActiveCfg = Release|Any CPU
		{80E05C57-88DB-47CB-87FC-21C9FFF41185}.Release|Any CPU.Build.0 = Release|Any CPU
		{8829E7EF-357F-40E4-8D57-F4C2D4AE061E}.Debug|Any CPU.ActiveCfg = Debug|Any CPU
		{8829E7EF-357F-40E4-8D57-F4C2D4AE061E}.Debug|Any CPU.Build.0 = Debug|Any CPU
		{8829E7EF-357F-40E4-8D57-F4C2D4AE061E}.Release|Any CPU.ActiveCfg = Release|Any CPU
		{8829E7EF-357F-40E4-8D57-F4C2D4AE061E}.Release|Any CPU.Build.0 = Release|Any CPU
		{75294FCC-2523-419E-9608-F1010DDDAC31}.Debug|Any CPU.ActiveCfg = Debug|Any CPU
		{75294FCC-2523-419E-9608-F1010DDDAC31}.Debug|Any CPU.Build.0 = Debug|Any CPU
		{75294FCC-2523-419E-9608-F1010DDDAC31}.Release|Any CPU.ActiveCfg = Release|Any CPU
		{75294FCC-2523-419E-9608-F1010DDDAC31}.Release|Any CPU.Build.0 = Release|Any CPU
		{BC293340-2576-41B6-8080-9F239AAD96DA}.Debug|Any CPU.ActiveCfg = Debug|Any CPU
		{BC293340-2576-41B6-8080-9F239AAD96DA}.Debug|Any CPU.Build.0 = Debug|Any CPU
		{BC293340-2576-41B6-8080-9F239AAD96DA}.Release|Any CPU.ActiveCfg = Release|Any CPU
		{BC293340-2576-41B6-8080-9F239AAD96DA}.Release|Any CPU.Build.0 = Release|Any CPU
		{B79249BC-1186-4D66-8149-3A58B266015E}.Debug|Any CPU.ActiveCfg = Debug|Any CPU
		{B79249BC-1186-4D66-8149-3A58B266015E}.Debug|Any CPU.Build.0 = Debug|Any CPU
		{B79249BC-1186-4D66-8149-3A58B266015E}.Release|Any CPU.ActiveCfg = Release|Any CPU
		{B79249BC-1186-4D66-8149-3A58B266015E}.Release|Any CPU.Build.0 = Release|Any CPU
	EndGlobalSection
	GlobalSection(SolutionProperties) = preSolution
		HideSolutionNode = FALSE
	EndGlobalSection
	GlobalSection(NestedProjects) = preSolution
		{2F00858E-29DE-4499-A8F1-19ADAD55B5A1} = {5B54BA0E-BF1E-4447-A476-9F911F777387}
		{8810A9B4-6E11-4BD9-B451-60CFD4002A53} = {5B54BA0E-BF1E-4447-A476-9F911F777387}
		{FCC2D47B-947F-4EC7-AB87-C25A77DE6876} = {6978BEAC-8FB9-49D4-849B-8B2A43153B10}
		{80E05C57-88DB-47CB-87FC-21C9FFF41185} = {6978BEAC-8FB9-49D4-849B-8B2A43153B10}
		{8829E7EF-357F-40E4-8D57-F4C2D4AE061E} = {6978BEAC-8FB9-49D4-849B-8B2A43153B10}
		{75294FCC-2523-419E-9608-F1010DDDAC31} = {EB938DB1-0663-4C00-B4F3-F095E1150A49}
		{BC293340-2576-41B6-8080-9F239AAD96DA} = {EB938DB1-0663-4C00-B4F3-F095E1150A49}
		{B79249BC-1186-4D66-8149-3A58B266015E} = {EB938DB1-0663-4C00-B4F3-F095E1150A49}
	EndGlobalSection
	GlobalSection(ExtensibilityGlobals) = postSolution
		SolutionGuid = {5AFCA290-14A4-4823-8840-C6CB9FE5C27A}
	EndGlobalSection
EndGlobal
